<?xml version="1.0" encoding="UTF-8"?>
<!DOCTYPE plist PUBLIC "-//Apple//DTD PLIST 1.0//EN" "http://www.apple.com/DTDs/PropertyList-1.0.dtd">
<plist version="1.0">
<dict>
	<key>archiveVersion</key>
	<string>1</string>
	<key>classes</key>
	<dict/>
	<key>objectVersion</key>
	<string>46</string>
	<key>objects</key>
	<dict>
		<key>03303EF2D70C972BF74767CA</key>
		<dict>
			<key>explicitFileType</key>
			<string>archive.ar</string>
			<key>includeInIndex</key>
			<string>0</string>
			<key>isa</key>
			<string>PBXFileReference</string>
			<key>path</key>
			<string>libPods-BeaconifyTests.a</string>
			<key>sourceTree</key>
			<string>BUILT_PRODUCTS_DIR</string>
		</dict>
		<key>265D7CA82C8677E908A3005B</key>
		<dict>
			<key>buildActionMask</key>
			<string>2147483647</string>
			<key>files</key>
			<array/>
			<key>inputPaths</key>
			<array/>
			<key>isa</key>
			<string>PBXShellScriptBuildPhase</string>
			<key>name</key>
			<string>Check Pods Manifest.lock</string>
			<key>outputPaths</key>
			<array/>
			<key>runOnlyForDeploymentPostprocessing</key>
			<string>0</string>
			<key>shellPath</key>
			<string>/bin/sh</string>
			<key>shellScript</key>
			<string>diff "${PODS_ROOT}/../Podfile.lock" "${PODS_ROOT}/Manifest.lock" &gt; /dev/null
if [[ $? != 0 ]] ; then
    cat &lt;&lt; EOM
error: The sandbox is not in sync with the Podfile.lock. Run 'pod install' or update your CocoaPods installation.
EOM
    exit 1
fi
</string>
			<key>showEnvVarsInLog</key>
			<string>0</string>
		</dict>
		<key>296F01F1B303DC47B675602F</key>
		<dict>
			<key>includeInIndex</key>
			<string>1</string>
			<key>isa</key>
			<string>PBXFileReference</string>
			<key>lastKnownFileType</key>
			<string>text.xcconfig</string>
			<key>name</key>
			<string>Pods-BeaconifyTests.debug.xcconfig</string>
			<key>path</key>
			<string>Pods/Target Support Files/Pods-BeaconifyTests/Pods-BeaconifyTests.debug.xcconfig</string>
			<key>sourceTree</key>
			<string>&lt;group&gt;</string>
		</dict>
		<key>367B0A4E5C971173DFACA5B6</key>
		<dict>
			<key>children</key>
			<array>
				<string>296F01F1B303DC47B675602F</string>
				<string>3ECA7804EA76321D40153B72</string>
			</array>
			<key>isa</key>
			<string>PBXGroup</string>
			<key>name</key>
			<string>Pods</string>
			<key>sourceTree</key>
			<string>&lt;group&gt;</string>
		</dict>
		<key>3ECA7804EA76321D40153B72</key>
		<dict>
			<key>includeInIndex</key>
			<string>1</string>
			<key>isa</key>
			<string>PBXFileReference</string>
			<key>lastKnownFileType</key>
			<string>text.xcconfig</string>
			<key>name</key>
			<string>Pods-BeaconifyTests.release.xcconfig</string>
			<key>path</key>
			<string>Pods/Target Support Files/Pods-BeaconifyTests/Pods-BeaconifyTests.release.xcconfig</string>
			<key>sourceTree</key>
			<string>&lt;group&gt;</string>
		</dict>
		<key>9043B2CCE16BCD03B461BE56</key>
		<dict>
			<key>children</key>
			<array>
				<string>03303EF2D70C972BF74767CA</string>
			</array>
			<key>isa</key>
			<string>PBXGroup</string>
			<key>name</key>
			<string>Frameworks</string>
			<key>sourceTree</key>
			<string>&lt;group&gt;</string>
		</dict>
		<key>9ACA162F1AFB7D1B00AB7902</key>
		<dict>
			<key>fileEncoding</key>
			<string>4</string>
			<key>isa</key>
			<string>PBXFileReference</string>
			<key>lastKnownFileType</key>
			<string>sourcecode.c.h</string>
			<key>name</key>
			<string>KTLocationManager.h</string>
			<key>path</key>
			<string>Classes/KTLocationManager.h</string>
			<key>sourceTree</key>
			<string>&lt;group&gt;</string>
		</dict>
		<key>9ACA16301AFB7D1B00AB7902</key>
		<dict>
			<key>fileEncoding</key>
			<string>4</string>
			<key>isa</key>
			<string>PBXFileReference</string>
			<key>lastKnownFileType</key>
			<string>sourcecode.c.objc</string>
			<key>name</key>
			<string>KTLocationManager.m</string>
			<key>path</key>
			<string>Classes/KTLocationManager.m</string>
			<key>sourceTree</key>
			<string>&lt;group&gt;</string>
		</dict>
		<key>9ACA16311AFB7D1B00AB7902</key>
		<dict>
			<key>fileEncoding</key>
			<string>4</string>
			<key>isa</key>
			<string>PBXFileReference</string>
			<key>lastKnownFileType</key>
			<string>sourcecode.c.h</string>
			<key>name</key>
			<string>KTNotificationDispatcher.h</string>
			<key>path</key>
			<string>Classes/KTNotificationDispatcher.h</string>
			<key>sourceTree</key>
			<string>&lt;group&gt;</string>
		</dict>
		<key>9ACA16321AFB7D1B00AB7902</key>
		<dict>
			<key>fileEncoding</key>
			<string>4</string>
			<key>isa</key>
			<string>PBXFileReference</string>
			<key>lastKnownFileType</key>
			<string>sourcecode.c.objc</string>
			<key>name</key>
			<string>KTNotificationDispatcher.m</string>
			<key>path</key>
			<string>Classes/KTNotificationDispatcher.m</string>
			<key>sourceTree</key>
			<string>&lt;group&gt;</string>
		</dict>
		<key>9ACA16331AFB7D1B00AB7902</key>
		<dict>
			<key>fileEncoding</key>
			<string>4</string>
			<key>isa</key>
			<string>PBXFileReference</string>
			<key>lastKnownFileType</key>
			<string>sourcecode.c.h</string>
			<key>name</key>
			<string>KTNotificationDispatcher+RegionMonitoringNotifications.h</string>
			<key>path</key>
			<string>Classes/KTNotificationDispatcher+RegionMonitoringNotifications.h</string>
			<key>sourceTree</key>
			<string>&lt;group&gt;</string>
		</dict>
		<key>9ACA16341AFB7D1B00AB7902</key>
		<dict>
			<key>fileEncoding</key>
			<string>4</string>
			<key>isa</key>
			<string>PBXFileReference</string>
			<key>lastKnownFileType</key>
			<string>sourcecode.c.objc</string>
			<key>name</key>
			<string>KTNotificationDispatcher+RegionMonitoringNotifications.m</string>
			<key>path</key>
			<string>Classes/KTNotificationDispatcher+RegionMonitoringNotifications.m</string>
			<key>sourceTree</key>
			<string>&lt;group&gt;</string>
		</dict>
		<key>9ACA16351AFB7D1B00AB7902</key>
		<dict>
			<key>fileEncoding</key>
			<string>4</string>
			<key>isa</key>
			<string>PBXFileReference</string>
			<key>lastKnownFileType</key>
			<string>sourcecode.c.h</string>
			<key>name</key>
			<string>NSMutableDictionary+InsertValidObjects.h</string>
			<key>path</key>
			<string>Classes/NSMutableDictionary+InsertValidObjects.h</string>
			<key>sourceTree</key>
			<string>&lt;group&gt;</string>
		</dict>
		<key>9ACA16361AFB7D1B00AB7902</key>
		<dict>
			<key>fileEncoding</key>
			<string>4</string>
			<key>isa</key>
			<string>PBXFileReference</string>
			<key>lastKnownFileType</key>
			<string>sourcecode.c.objc</string>
			<key>name</key>
			<string>NSMutableDictionary+InsertValidObjects.m</string>
			<key>path</key>
			<string>Classes/NSMutableDictionary+InsertValidObjects.m</string>
			<key>sourceTree</key>
			<string>&lt;group&gt;</string>
		</dict>
		<key>9ACA16371AFB7D1B00AB7902</key>
		<dict>
			<key>fileRef</key>
			<string>9ACA16301AFB7D1B00AB7902</string>
			<key>isa</key>
			<string>PBXBuildFile</string>
		</dict>
		<key>9ACA16381AFB7D1B00AB7902</key>
		<dict>
			<key>fileRef</key>
			<string>9ACA16321AFB7D1B00AB7902</string>
			<key>isa</key>
			<string>PBXBuildFile</string>
		</dict>
		<key>9ACA16391AFB7D1B00AB7902</key>
		<dict>
			<key>fileRef</key>
			<string>9ACA16341AFB7D1B00AB7902</string>
			<key>isa</key>
			<string>PBXBuildFile</string>
		</dict>
		<key>9ACA163A1AFB7D1B00AB7902</key>
		<dict>
			<key>fileRef</key>
			<string>9ACA16361AFB7D1B00AB7902</string>
			<key>isa</key>
			<string>PBXBuildFile</string>
		</dict>
		<key>9ACA163B1AFB7D3F00AB7902</key>
		<dict>
			<key>children</key>
			<array>
				<string>9ACA162F1AFB7D1B00AB7902</string>
				<string>9ACA16301AFB7D1B00AB7902</string>
				<string>9ACA16311AFB7D1B00AB7902</string>
				<string>9ACA16321AFB7D1B00AB7902</string>
				<string>9ACA16331AFB7D1B00AB7902</string>
				<string>9ACA16341AFB7D1B00AB7902</string>
				<string>9ACA16351AFB7D1B00AB7902</string>
				<string>9ACA16361AFB7D1B00AB7902</string>
			</array>
			<key>isa</key>
			<string>PBXGroup</string>
			<key>name</key>
			<string>Classes</string>
			<key>sourceTree</key>
			<string>&lt;group&gt;</string>
		</dict>
		<key>9ACA163C1AFB8CAC00AB7902</key>
		<dict>
			<key>fileEncoding</key>
			<string>4</string>
			<key>isa</key>
			<string>PBXFileReference</string>
			<key>lastKnownFileType</key>
			<string>sourcecode.c.objc</string>
			<key>path</key>
			<string>KTLocationManagerTests.m</string>
			<key>sourceTree</key>
			<string>&lt;group&gt;</string>
		</dict>
		<key>9ACA163D1AFB8CAC00AB7902</key>
		<dict>
			<key>fileEncoding</key>
			<string>4</string>
			<key>isa</key>
			<string>PBXFileReference</string>
			<key>lastKnownFileType</key>
			<string>sourcecode.c.objc</string>
			<key>path</key>
			<string>KTNotificationDispatcherTests.m</string>
			<key>sourceTree</key>
			<string>&lt;group&gt;</string>
		</dict>
		<key>9ACA163E1AFB8CAC00AB7902</key>
		<dict>
			<key>fileEncoding</key>
			<string>4</string>
			<key>isa</key>
			<string>PBXFileReference</string>
			<key>lastKnownFileType</key>
			<string>sourcecode.c.objc</string>
			<key>path</key>
			<string>NSMutableDictionary+InsertValidObjects.m</string>
			<key>sourceTree</key>
			<string>&lt;group&gt;</string>
		</dict>
		<key>9ACA163F1AFB8CAC00AB7902</key>
		<dict>
			<key>fileRef</key>
			<string>9ACA163C1AFB8CAC00AB7902</string>
			<key>isa</key>
			<string>PBXBuildFile</string>
		</dict>
		<key>9ACA16401AFB8CAC00AB7902</key>
		<dict>
			<key>fileRef</key>
			<string>9ACA163D1AFB8CAC00AB7902</string>
			<key>isa</key>
			<string>PBXBuildFile</string>
		</dict>
		<key>9ACA16411AFB8CAC00AB7902</key>
		<dict>
			<key>fileRef</key>
			<string>9ACA163E1AFB8CAC00AB7902</string>
			<key>isa</key>
			<string>PBXBuildFile</string>
		</dict>
		<key>9AE6E82D1AFB7A7200F842FC</key>
		<dict>
			<key>children</key>
			<array>
				<string>9AE6E8381AFB7A7200F842FC</string>
				<string>9AE6E8521AFB7A7200F842FC</string>
				<string>9AE6E8371AFB7A7200F842FC</string>
				<string>367B0A4E5C971173DFACA5B6</string>
				<string>9043B2CCE16BCD03B461BE56</string>
			</array>
			<key>isa</key>
			<string>PBXGroup</string>
			<key>sourceTree</key>
			<string>&lt;group&gt;</string>
		</dict>
		<key>9AE6E82E1AFB7A7200F842FC</key>
		<dict>
			<key>attributes</key>
			<dict>
				<key>LastUpgradeCheck</key>
				<string>0630</string>
				<key>ORGANIZATIONNAME</key>
				<string>Kamil Tustanowski</string>
				<key>TargetAttributes</key>
				<dict>
					<key>9AE6E8351AFB7A7200F842FC</key>
					<dict>
						<key>CreatedOnToolsVersion</key>
						<string>6.3</string>
					</dict>
					<key>9AE6E84E1AFB7A7200F842FC</key>
					<dict>
						<key>CreatedOnToolsVersion</key>
						<string>6.3</string>
						<key>TestTargetID</key>
						<string>9AE6E8351AFB7A7200F842FC</string>
					</dict>
				</dict>
			</dict>
			<key>buildConfigurationList</key>
			<string>9AE6E8311AFB7A7200F842FC</string>
			<key>compatibilityVersion</key>
			<string>Xcode 3.2</string>
			<key>developmentRegion</key>
			<string>English</string>
			<key>hasScannedForEncodings</key>
			<string>0</string>
			<key>isa</key>
			<string>PBXProject</string>
			<key>knownRegions</key>
			<array>
				<string>en</string>
				<string>Base</string>
			</array>
			<key>mainGroup</key>
			<string>9AE6E82D1AFB7A7200F842FC</string>
			<key>productRefGroup</key>
			<string>9AE6E8371AFB7A7200F842FC</string>
			<key>projectDirPath</key>
			<string></string>
			<key>projectReferences</key>
			<array/>
			<key>projectRoot</key>
			<string></string>
			<key>targets</key>
			<array>
				<string>9AE6E8351AFB7A7200F842FC</string>
				<string>9AE6E84E1AFB7A7200F842FC</string>
			</array>
		</dict>
		<key>9AE6E8311AFB7A7200F842FC</key>
		<dict>
			<key>buildConfigurations</key>
			<array>
				<string>9AE6E8571AFB7A7200F842FC</string>
				<string>9AE6E8581AFB7A7200F842FC</string>
			</array>
			<key>defaultConfigurationIsVisible</key>
			<string>0</string>
			<key>defaultConfigurationName</key>
			<string>Release</string>
			<key>isa</key>
			<string>XCConfigurationList</string>
		</dict>
		<key>9AE6E8321AFB7A7200F842FC</key>
		<dict>
			<key>buildActionMask</key>
			<string>2147483647</string>
			<key>files</key>
			<array>
				<string>9ACA163A1AFB7D1B00AB7902</string>
				<string>9AE6E8421AFB7A7200F842FC</string>
				<string>9ACA16391AFB7D1B00AB7902</string>
				<string>9ACA16371AFB7D1B00AB7902</string>
				<string>9AE6E83F1AFB7A7200F842FC</string>
				<string>9AE6E83C1AFB7A7200F842FC</string>
				<string>9ACA16381AFB7D1B00AB7902</string>
			</array>
			<key>isa</key>
			<string>PBXSourcesBuildPhase</string>
			<key>runOnlyForDeploymentPostprocessing</key>
			<string>0</string>
		</dict>
		<key>9AE6E8331AFB7A7200F842FC</key>
		<dict>
			<key>buildActionMask</key>
			<string>2147483647</string>
			<key>files</key>
			<array/>
			<key>isa</key>
			<string>PBXFrameworksBuildPhase</string>
			<key>runOnlyForDeploymentPostprocessing</key>
			<string>0</string>
		</dict>
		<key>9AE6E8341AFB7A7200F842FC</key>
		<dict>
			<key>buildActionMask</key>
			<string>2147483647</string>
			<key>files</key>
			<array>
				<string>9AE6E8451AFB7A7200F842FC</string>
				<string>9AE6E84A1AFB7A7200F842FC</string>
				<string>9AE6E8471AFB7A7200F842FC</string>
			</array>
			<key>isa</key>
			<string>PBXResourcesBuildPhase</string>
			<key>runOnlyForDeploymentPostprocessing</key>
			<string>0</string>
		</dict>
		<key>9AE6E8351AFB7A7200F842FC</key>
		<dict>
			<key>buildConfigurationList</key>
			<string>9AE6E8591AFB7A7200F842FC</string>
			<key>buildPhases</key>
			<array>
				<string>9AE6E8321AFB7A7200F842FC</string>
				<string>9AE6E8331AFB7A7200F842FC</string>
				<string>9AE6E8341AFB7A7200F842FC</string>
			</array>
			<key>buildRules</key>
			<array/>
			<key>dependencies</key>
			<array/>
			<key>isa</key>
			<string>PBXNativeTarget</string>
			<key>name</key>
			<string>Beaconify</string>
			<key>productName</key>
			<string>Beaconify</string>
			<key>productReference</key>
			<string>9AE6E8361AFB7A7200F842FC</string>
			<key>productType</key>
			<string>com.apple.product-type.application</string>
		</dict>
		<key>9AE6E8361AFB7A7200F842FC</key>
		<dict>
			<key>explicitFileType</key>
			<string>wrapper.application</string>
			<key>includeInIndex</key>
			<string>0</string>
			<key>isa</key>
			<string>PBXFileReference</string>
			<key>path</key>
			<string>Beaconify.app</string>
			<key>sourceTree</key>
			<string>BUILT_PRODUCTS_DIR</string>
		</dict>
		<key>9AE6E8371AFB7A7200F842FC</key>
		<dict>
			<key>children</key>
			<array>
				<string>9AE6E8361AFB7A7200F842FC</string>
				<string>9AE6E84F1AFB7A7200F842FC</string>
			</array>
			<key>isa</key>
			<string>PBXGroup</string>
			<key>name</key>
			<string>Products</string>
			<key>sourceTree</key>
			<string>&lt;group&gt;</string>
		</dict>
		<key>9AE6E8381AFB7A7200F842FC</key>
		<dict>
			<key>children</key>
			<array>
				<string>9ACA163B1AFB7D3F00AB7902</string>
				<string>9AE6E83D1AFB7A7200F842FC</string>
				<string>9AE6E83E1AFB7A7200F842FC</string>
				<string>9AE6E8401AFB7A7200F842FC</string>
				<string>9AE6E8411AFB7A7200F842FC</string>
				<string>9AE6E8431AFB7A7200F842FC</string>
				<string>9AE6E8461AFB7A7200F842FC</string>
				<string>9AE6E8481AFB7A7200F842FC</string>
				<string>9AE6E8391AFB7A7200F842FC</string>
			</array>
			<key>isa</key>
			<string>PBXGroup</string>
			<key>path</key>
			<string>Beaconify</string>
			<key>sourceTree</key>
			<string>&lt;group&gt;</string>
		</dict>
		<key>9AE6E8391AFB7A7200F842FC</key>
		<dict>
			<key>children</key>
			<array>
				<string>9AE6E83A1AFB7A7200F842FC</string>
				<string>9AE6E83B1AFB7A7200F842FC</string>
			</array>
			<key>isa</key>
			<string>PBXGroup</string>
			<key>name</key>
			<string>Supporting Files</string>
			<key>sourceTree</key>
			<string>&lt;group&gt;</string>
		</dict>
		<key>9AE6E83A1AFB7A7200F842FC</key>
		<dict>
			<key>isa</key>
			<string>PBXFileReference</string>
			<key>lastKnownFileType</key>
			<string>text.plist.xml</string>
			<key>path</key>
			<string>Info.plist</string>
			<key>sourceTree</key>
			<string>&lt;group&gt;</string>
		</dict>
		<key>9AE6E83B1AFB7A7200F842FC</key>
		<dict>
			<key>isa</key>
			<string>PBXFileReference</string>
			<key>lastKnownFileType</key>
			<string>sourcecode.c.objc</string>
			<key>path</key>
			<string>main.m</string>
			<key>sourceTree</key>
			<string>&lt;group&gt;</string>
		</dict>
		<key>9AE6E83C1AFB7A7200F842FC</key>
		<dict>
			<key>fileRef</key>
			<string>9AE6E83B1AFB7A7200F842FC</string>
			<key>isa</key>
			<string>PBXBuildFile</string>
		</dict>
		<key>9AE6E83D1AFB7A7200F842FC</key>
		<dict>
			<key>isa</key>
			<string>PBXFileReference</string>
			<key>lastKnownFileType</key>
			<string>sourcecode.c.h</string>
			<key>path</key>
			<string>AppDelegate.h</string>
			<key>sourceTree</key>
			<string>&lt;group&gt;</string>
		</dict>
		<key>9AE6E83E1AFB7A7200F842FC</key>
		<dict>
			<key>isa</key>
			<string>PBXFileReference</string>
			<key>lastKnownFileType</key>
			<string>sourcecode.c.objc</string>
			<key>path</key>
			<string>AppDelegate.m</string>
			<key>sourceTree</key>
			<string>&lt;group&gt;</string>
		</dict>
		<key>9AE6E83F1AFB7A7200F842FC</key>
		<dict>
			<key>fileRef</key>
			<string>9AE6E83E1AFB7A7200F842FC</string>
			<key>isa</key>
			<string>PBXBuildFile</string>
		</dict>
		<key>9AE6E8401AFB7A7200F842FC</key>
		<dict>
			<key>isa</key>
			<string>PBXFileReference</string>
			<key>lastKnownFileType</key>
			<string>sourcecode.c.h</string>
			<key>path</key>
			<string>ViewController.h</string>
			<key>sourceTree</key>
			<string>&lt;group&gt;</string>
		</dict>
		<key>9AE6E8411AFB7A7200F842FC</key>
		<dict>
			<key>isa</key>
			<string>PBXFileReference</string>
			<key>lastKnownFileType</key>
			<string>sourcecode.c.objc</string>
			<key>path</key>
			<string>ViewController.m</string>
			<key>sourceTree</key>
			<string>&lt;group&gt;</string>
		</dict>
		<key>9AE6E8421AFB7A7200F842FC</key>
		<dict>
			<key>fileRef</key>
			<string>9AE6E8411AFB7A7200F842FC</string>
			<key>isa</key>
			<string>PBXBuildFile</string>
		</dict>
		<key>9AE6E8431AFB7A7200F842FC</key>
		<dict>
			<key>children</key>
			<array>
				<string>9AE6E8441AFB7A7200F842FC</string>
			</array>
			<key>isa</key>
			<string>PBXVariantGroup</string>
			<key>name</key>
			<string>Main.storyboard</string>
			<key>sourceTree</key>
			<string>&lt;group&gt;</string>
		</dict>
		<key>9AE6E8441AFB7A7200F842FC</key>
		<dict>
			<key>isa</key>
			<string>PBXFileReference</string>
			<key>lastKnownFileType</key>
			<string>file.storyboard</string>
			<key>name</key>
			<string>Base</string>
			<key>path</key>
			<string>Base.lproj/Main.storyboard</string>
			<key>sourceTree</key>
			<string>&lt;group&gt;</string>
		</dict>
		<key>9AE6E8451AFB7A7200F842FC</key>
		<dict>
			<key>fileRef</key>
			<string>9AE6E8431AFB7A7200F842FC</string>
			<key>isa</key>
			<string>PBXBuildFile</string>
		</dict>
		<key>9AE6E8461AFB7A7200F842FC</key>
		<dict>
			<key>isa</key>
			<string>PBXFileReference</string>
			<key>lastKnownFileType</key>
			<string>folder.assetcatalog</string>
			<key>path</key>
			<string>Images.xcassets</string>
			<key>sourceTree</key>
			<string>&lt;group&gt;</string>
		</dict>
		<key>9AE6E8471AFB7A7200F842FC</key>
		<dict>
			<key>fileRef</key>
			<string>9AE6E8461AFB7A7200F842FC</string>
			<key>isa</key>
			<string>PBXBuildFile</string>
		</dict>
		<key>9AE6E8481AFB7A7200F842FC</key>
		<dict>
			<key>children</key>
			<array>
				<string>9AE6E8491AFB7A7200F842FC</string>
			</array>
			<key>isa</key>
			<string>PBXVariantGroup</string>
			<key>name</key>
			<string>LaunchScreen.xib</string>
			<key>sourceTree</key>
			<string>&lt;group&gt;</string>
		</dict>
		<key>9AE6E8491AFB7A7200F842FC</key>
		<dict>
			<key>isa</key>
			<string>PBXFileReference</string>
			<key>lastKnownFileType</key>
			<string>file.xib</string>
			<key>name</key>
			<string>Base</string>
			<key>path</key>
			<string>Base.lproj/LaunchScreen.xib</string>
			<key>sourceTree</key>
			<string>&lt;group&gt;</string>
		</dict>
		<key>9AE6E84A1AFB7A7200F842FC</key>
		<dict>
			<key>fileRef</key>
			<string>9AE6E8481AFB7A7200F842FC</string>
			<key>isa</key>
			<string>PBXBuildFile</string>
		</dict>
		<key>9AE6E84B1AFB7A7200F842FC</key>
		<dict>
			<key>buildActionMask</key>
			<string>2147483647</string>
			<key>files</key>
			<array>
				<string>9ACA16401AFB8CAC00AB7902</string>
				<string>9ACA163F1AFB8CAC00AB7902</string>
				<string>9ACA16411AFB8CAC00AB7902</string>
			</array>
			<key>isa</key>
			<string>PBXSourcesBuildPhase</string>
			<key>runOnlyForDeploymentPostprocessing</key>
			<string>0</string>
		</dict>
		<key>9AE6E84C1AFB7A7200F842FC</key>
		<dict>
			<key>buildActionMask</key>
			<string>2147483647</string>
			<key>files</key>
			<array>
				<string>C2E0FE14E9FB0CCDDD2D9FF0</string>
			</array>
			<key>isa</key>
			<string>PBXFrameworksBuildPhase</string>
			<key>runOnlyForDeploymentPostprocessing</key>
			<string>0</string>
		</dict>
		<key>9AE6E84D1AFB7A7200F842FC</key>
		<dict>
			<key>buildActionMask</key>
			<string>2147483647</string>
			<key>files</key>
			<array/>
			<key>isa</key>
			<string>PBXResourcesBuildPhase</string>
			<key>runOnlyForDeploymentPostprocessing</key>
			<string>0</string>
		</dict>
		<key>9AE6E84E1AFB7A7200F842FC</key>
		<dict>
			<key>buildConfigurationList</key>
			<string>9AE6E85C1AFB7A7200F842FC</string>
			<key>buildPhases</key>
			<array>
				<string>265D7CA82C8677E908A3005B</string>
				<string>9AE6E84B1AFB7A7200F842FC</string>
				<string>9AE6E84C1AFB7A7200F842FC</string>
				<string>9AE6E84D1AFB7A7200F842FC</string>
				<string>9C8DD4BCBCEA8902EE38F7E6</string>
			</array>
			<key>buildRules</key>
			<array/>
			<key>dependencies</key>
			<array>
				<string>9AE6E8511AFB7A7200F842FC</string>
			</array>
			<key>isa</key>
			<string>PBXNativeTarget</string>
			<key>name</key>
			<string>BeaconifyTests</string>
			<key>productName</key>
			<string>BeaconifyTests</string>
			<key>productReference</key>
			<string>9AE6E84F1AFB7A7200F842FC</string>
			<key>productType</key>
			<string>com.apple.product-type.bundle.unit-test</string>
		</dict>
		<key>9AE6E84F1AFB7A7200F842FC</key>
		<dict>
			<key>explicitFileType</key>
			<string>wrapper.cfbundle</string>
			<key>includeInIndex</key>
			<string>0</string>
			<key>isa</key>
			<string>PBXFileReference</string>
			<key>path</key>
			<string>BeaconifyTests.xctest</string>
			<key>sourceTree</key>
			<string>BUILT_PRODUCTS_DIR</string>
		</dict>
		<key>9AE6E8501AFB7A7200F842FC</key>
		<dict>
			<key>containerPortal</key>
			<string>9AE6E82E1AFB7A7200F842FC</string>
			<key>isa</key>
			<string>PBXContainerItemProxy</string>
			<key>proxyType</key>
			<string>1</string>
			<key>remoteGlobalIDString</key>
			<string>9AE6E8351AFB7A7200F842FC</string>
			<key>remoteInfo</key>
			<string>Beaconify</string>
		</dict>
		<key>9AE6E8511AFB7A7200F842FC</key>
		<dict>
			<key>isa</key>
			<string>PBXTargetDependency</string>
			<key>target</key>
			<string>9AE6E8351AFB7A7200F842FC</string>
			<key>targetProxy</key>
			<string>9AE6E8501AFB7A7200F842FC</string>
		</dict>
		<key>9AE6E8521AFB7A7200F842FC</key>
		<dict>
			<key>children</key>
			<array>
				<string>9ACA163C1AFB8CAC00AB7902</string>
				<string>9ACA163D1AFB8CAC00AB7902</string>
				<string>9ACA163E1AFB8CAC00AB7902</string>
				<string>9AE6E8531AFB7A7200F842FC</string>
			</array>
			<key>isa</key>
			<string>PBXGroup</string>
			<key>path</key>
			<string>BeaconifyTests</string>
			<key>sourceTree</key>
			<string>&lt;group&gt;</string>
		</dict>
		<key>9AE6E8531AFB7A7200F842FC</key>
		<dict>
			<key>children</key>
			<array>
				<string>9AE6E8541AFB7A7200F842FC</string>
			</array>
			<key>isa</key>
			<string>PBXGroup</string>
			<key>name</key>
			<string>Supporting Files</string>
			<key>sourceTree</key>
			<string>&lt;group&gt;</string>
		</dict>
		<key>9AE6E8541AFB7A7200F842FC</key>
		<dict>
			<key>isa</key>
			<string>PBXFileReference</string>
			<key>lastKnownFileType</key>
			<string>text.plist.xml</string>
			<key>path</key>
			<string>Info.plist</string>
			<key>sourceTree</key>
			<string>&lt;group&gt;</string>
		</dict>
		<key>9AE6E8571AFB7A7200F842FC</key>
		<dict>
			<key>buildSettings</key>
			<dict>
				<key>ALWAYS_SEARCH_USER_PATHS</key>
				<string>NO</string>
				<key>CLANG_CXX_LANGUAGE_STANDARD</key>
				<string>gnu++0x</string>
				<key>CLANG_CXX_LIBRARY</key>
				<string>libc++</string>
				<key>CLANG_ENABLE_MODULES</key>
				<string>YES</string>
				<key>CLANG_ENABLE_OBJC_ARC</key>
				<string>YES</string>
				<key>CLANG_WARN_BOOL_CONVERSION</key>
				<string>YES</string>
				<key>CLANG_WARN_CONSTANT_CONVERSION</key>
				<string>YES</string>
				<key>CLANG_WARN_DIRECT_OBJC_ISA_USAGE</key>
				<string>YES_ERROR</string>
				<key>CLANG_WARN_EMPTY_BODY</key>
				<string>YES</string>
				<key>CLANG_WARN_ENUM_CONVERSION</key>
				<string>YES</string>
				<key>CLANG_WARN_INT_CONVERSION</key>
				<string>YES</string>
				<key>CLANG_WARN_OBJC_ROOT_CLASS</key>
				<string>YES_ERROR</string>
				<key>CLANG_WARN_UNREACHABLE_CODE</key>
				<string>YES</string>
				<key>CLANG_WARN__DUPLICATE_METHOD_MATCH</key>
				<string>YES</string>
				<key>CODE_SIGN_IDENTITY[sdk=iphoneos*]</key>
				<string>iPhone Developer</string>
				<key>COPY_PHASE_STRIP</key>
				<string>NO</string>
				<key>DEBUG_INFORMATION_FORMAT</key>
				<string>dwarf-with-dsym</string>
				<key>ENABLE_STRICT_OBJC_MSGSEND</key>
				<string>YES</string>
				<key>GCC_C_LANGUAGE_STANDARD</key>
				<string>gnu99</string>
				<key>GCC_DYNAMIC_NO_PIC</key>
				<string>NO</string>
				<key>GCC_NO_COMMON_BLOCKS</key>
				<string>YES</string>
				<key>GCC_OPTIMIZATION_LEVEL</key>
				<string>0</string>
				<key>GCC_PREPROCESSOR_DEFINITIONS</key>
				<array>
					<string>DEBUG=1</string>
					<string>$(inherited)</string>
				</array>
				<key>GCC_SYMBOLS_PRIVATE_EXTERN</key>
				<string>NO</string>
				<key>GCC_WARN_64_TO_32_BIT_CONVERSION</key>
				<string>YES</string>
				<key>GCC_WARN_ABOUT_RETURN_TYPE</key>
				<string>YES_ERROR</string>
				<key>GCC_WARN_UNDECLARED_SELECTOR</key>
				<string>YES</string>
				<key>GCC_WARN_UNINITIALIZED_AUTOS</key>
				<string>YES_AGGRESSIVE</string>
				<key>GCC_WARN_UNUSED_FUNCTION</key>
				<string>YES</string>
				<key>GCC_WARN_UNUSED_VARIABLE</key>
				<string>YES</string>
				<key>IPHONEOS_DEPLOYMENT_TARGET</key>
				<string>8.3</string>
				<key>MTL_ENABLE_DEBUG_INFO</key>
				<string>YES</string>
				<key>ONLY_ACTIVE_ARCH</key>
				<string>YES</string>
				<key>SDKROOT</key>
				<string>iphoneos</string>
				<key>TARGETED_DEVICE_FAMILY</key>
				<string>1,2</string>
			</dict>
			<key>isa</key>
			<string>XCBuildConfiguration</string>
			<key>name</key>
			<string>Debug</string>
		</dict>
		<key>9AE6E8581AFB7A7200F842FC</key>
		<dict>
			<key>buildSettings</key>
			<dict>
				<key>ALWAYS_SEARCH_USER_PATHS</key>
				<string>NO</string>
				<key>CLANG_CXX_LANGUAGE_STANDARD</key>
				<string>gnu++0x</string>
				<key>CLANG_CXX_LIBRARY</key>
				<string>libc++</string>
				<key>CLANG_ENABLE_MODULES</key>
				<string>YES</string>
				<key>CLANG_ENABLE_OBJC_ARC</key>
				<string>YES</string>
				<key>CLANG_WARN_BOOL_CONVERSION</key>
				<string>YES</string>
				<key>CLANG_WARN_CONSTANT_CONVERSION</key>
				<string>YES</string>
				<key>CLANG_WARN_DIRECT_OBJC_ISA_USAGE</key>
				<string>YES_ERROR</string>
				<key>CLANG_WARN_EMPTY_BODY</key>
				<string>YES</string>
				<key>CLANG_WARN_ENUM_CONVERSION</key>
				<string>YES</string>
				<key>CLANG_WARN_INT_CONVERSION</key>
				<string>YES</string>
				<key>CLANG_WARN_OBJC_ROOT_CLASS</key>
				<string>YES_ERROR</string>
				<key>CLANG_WARN_UNREACHABLE_CODE</key>
				<string>YES</string>
				<key>CLANG_WARN__DUPLICATE_METHOD_MATCH</key>
				<string>YES</string>
				<key>CODE_SIGN_IDENTITY[sdk=iphoneos*]</key>
				<string>iPhone Developer</string>
				<key>COPY_PHASE_STRIP</key>
				<string>NO</string>
				<key>DEBUG_INFORMATION_FORMAT</key>
				<string>dwarf-with-dsym</string>
				<key>ENABLE_NS_ASSERTIONS</key>
				<string>NO</string>
				<key>ENABLE_STRICT_OBJC_MSGSEND</key>
				<string>YES</string>
				<key>GCC_C_LANGUAGE_STANDARD</key>
				<string>gnu99</string>
				<key>GCC_NO_COMMON_BLOCKS</key>
				<string>YES</string>
				<key>GCC_WARN_64_TO_32_BIT_CONVERSION</key>
				<string>YES</string>
				<key>GCC_WARN_ABOUT_RETURN_TYPE</key>
				<string>YES_ERROR</string>
				<key>GCC_WARN_UNDECLARED_SELECTOR</key>
				<string>YES</string>
				<key>GCC_WARN_UNINITIALIZED_AUTOS</key>
				<string>YES_AGGRESSIVE</string>
				<key>GCC_WARN_UNUSED_FUNCTION</key>
				<string>YES</string>
				<key>GCC_WARN_UNUSED_VARIABLE</key>
				<string>YES</string>
				<key>IPHONEOS_DEPLOYMENT_TARGET</key>
				<string>8.3</string>
				<key>MTL_ENABLE_DEBUG_INFO</key>
				<string>NO</string>
				<key>SDKROOT</key>
				<string>iphoneos</string>
				<key>TARGETED_DEVICE_FAMILY</key>
				<string>1,2</string>
				<key>VALIDATE_PRODUCT</key>
				<string>YES</string>
			</dict>
			<key>isa</key>
			<string>XCBuildConfiguration</string>
			<key>name</key>
			<string>Release</string>
		</dict>
		<key>9AE6E8591AFB7A7200F842FC</key>
		<dict>
			<key>buildConfigurations</key>
			<array>
				<string>9AE6E85A1AFB7A7200F842FC</string>
				<string>9AE6E85B1AFB7A7200F842FC</string>
			</array>
			<key>defaultConfigurationIsVisible</key>
			<string>0</string>
			<key>defaultConfigurationName</key>
			<string>Release</string>
			<key>isa</key>
			<string>XCConfigurationList</string>
		</dict>
		<key>9AE6E85A1AFB7A7200F842FC</key>
		<dict>
			<key>buildSettings</key>
			<dict>
				<key>ASSETCATALOG_COMPILER_APPICON_NAME</key>
				<string>AppIcon</string>
				<key>INFOPLIST_FILE</key>
				<string>Beaconify/Info.plist</string>
				<key>IPHONEOS_DEPLOYMENT_TARGET</key>
				<string>7.0</string>
				<key>LD_RUNPATH_SEARCH_PATHS</key>
				<string>$(inherited) @executable_path/Frameworks</string>
				<key>PRODUCT_NAME</key>
				<string>$(TARGET_NAME)</string>
			</dict>
			<key>isa</key>
			<string>XCBuildConfiguration</string>
			<key>name</key>
			<string>Debug</string>
		</dict>
		<key>9AE6E85B1AFB7A7200F842FC</key>
		<dict>
			<key>buildSettings</key>
			<dict>
				<key>ASSETCATALOG_COMPILER_APPICON_NAME</key>
				<string>AppIcon</string>
				<key>INFOPLIST_FILE</key>
				<string>Beaconify/Info.plist</string>
				<key>IPHONEOS_DEPLOYMENT_TARGET</key>
				<string>7.0</string>
				<key>LD_RUNPATH_SEARCH_PATHS</key>
				<string>$(inherited) @executable_path/Frameworks</string>
				<key>PRODUCT_NAME</key>
				<string>$(TARGET_NAME)</string>
			</dict>
			<key>isa</key>
			<string>XCBuildConfiguration</string>
			<key>name</key>
			<string>Release</string>
		</dict>
		<key>9AE6E85C1AFB7A7200F842FC</key>
		<dict>
			<key>buildConfigurations</key>
			<array>
				<string>9AE6E85D1AFB7A7200F842FC</string>
				<string>9AE6E85E1AFB7A7200F842FC</string>
			</array>
			<key>defaultConfigurationIsVisible</key>
			<string>0</string>
			<key>defaultConfigurationName</key>
			<string>Release</string>
			<key>isa</key>
			<string>XCConfigurationList</string>
		</dict>
		<key>9AE6E85D1AFB7A7200F842FC</key>
		<dict>
			<key>baseConfigurationReference</key>
			<string>296F01F1B303DC47B675602F</string>
			<key>buildSettings</key>
			<dict>
				<key>BUNDLE_LOADER</key>
				<string>$(TEST_HOST)</string>
				<key>FRAMEWORK_SEARCH_PATHS</key>
				<array>
					<string>$(SDKROOT)/Developer/Library/Frameworks</string>
					<string>$(inherited)</string>
				</array>
				<key>GCC_PREPROCESSOR_DEFINITIONS</key>
				<array>
					<string>DEBUG=1</string>
					<string>$(inherited)</string>
				</array>
				<key>INFOPLIST_FILE</key>
				<string>BeaconifyTests/Info.plist</string>
				<key>LD_RUNPATH_SEARCH_PATHS</key>
				<string>$(inherited) @executable_path/Frameworks @loader_path/Frameworks</string>
				<key>PRODUCT_NAME</key>
				<string>$(TARGET_NAME)</string>
				<key>TEST_HOST</key>
				<string>$(BUILT_PRODUCTS_DIR)/Beaconify.app/Beaconify</string>
			</dict>
			<key>isa</key>
			<string>XCBuildConfiguration</string>
			<key>name</key>
			<string>Debug</string>
		</dict>
		<key>9AE6E85E1AFB7A7200F842FC</key>
		<dict>
			<key>baseConfigurationReference</key>
			<string>3ECA7804EA76321D40153B72</string>
			<key>buildSettings</key>
			<dict>
				<key>BUNDLE_LOADER</key>
				<string>$(TEST_HOST)</string>
				<key>FRAMEWORK_SEARCH_PATHS</key>
				<array>
					<string>$(SDKROOT)/Developer/Library/Frameworks</string>
					<string>$(inherited)</string>
				</array>
				<key>INFOPLIST_FILE</key>
				<string>BeaconifyTests/Info.plist</string>
				<key>LD_RUNPATH_SEARCH_PATHS</key>
				<string>$(inherited) @executable_path/Frameworks @loader_path/Frameworks</string>
				<key>PRODUCT_NAME</key>
				<string>$(TARGET_NAME)</string>
				<key>TEST_HOST</key>
				<string>$(BUILT_PRODUCTS_DIR)/Beaconify.app/Beaconify</string>
			</dict>
			<key>isa</key>
			<string>XCBuildConfiguration</string>
			<key>name</key>
			<string>Release</string>
		</dict>
		<key>9C8DD4BCBCEA8902EE38F7E6</key>
		<dict>
			<key>buildActionMask</key>
			<string>2147483647</string>
			<key>files</key>
			<array/>
			<key>inputPaths</key>
			<array/>
			<key>isa</key>
			<string>PBXShellScriptBuildPhase</string>
			<key>name</key>
			<string>Copy Pods Resources</string>
			<key>outputPaths</key>
			<array/>
			<key>runOnlyForDeploymentPostprocessing</key>
			<string>0</string>
			<key>shellPath</key>
			<string>/bin/sh</string>
			<key>shellScript</key>
			<string>"${SRCROOT}/Pods/Target Support Files/Pods-BeaconifyTests/Pods-BeaconifyTests-resources.sh"
</string>
			<key>showEnvVarsInLog</key>
			<string>0</string>
		</dict>
		<key>C2E0FE14E9FB0CCDDD2D9FF0</key>
		<dict>
			<key>fileRef</key>
			<string>03303EF2D70C972BF74767CA</string>
			<key>isa</key>
			<string>PBXBuildFile</string>
		</dict>
	</dict>
	<key>rootObject</key>
	<string>9AE6E82E1AFB7A7200F842FC</string>
</dict>
</plist>
